// !$*UTF8*$!
{
	archiveVersion = 1;
	classes = {
	};
	objectVersion = 46;
	objects = {

/* Begin PBXGroup section */
		EB29A32D1BF54C1100C0E7ED = {
			isa = PBXGroup;
			children = (
			);
			sourceTree = "<group>";
		};
/* End PBXGroup section */

/* Begin PBXProject section */
		EB29A32E1BF54C1100C0E7ED /* Project object */ = {
			isa = PBXProject;
			attributes = {
				LastUpgradeCheck = 0710;
			};
			buildConfigurationList = EB29A3311BF54C1100C0E7ED /* Build configuration list for PBXProject "PORR_Czybyszew" */;
			compatibilityVersion = "Xcode 3.2";
			developmentRegion = English;
			hasScannedForEncodings = 0;
			knownRegions = (
				en,
			);
			mainGroup = EB29A32D1BF54C1100C0E7ED;
			projectDirPath = "";
			projectRoot = "";
			targets = (
			);
		};
/* End PBXProject section */

/* Begin XCBuildConfiguration section */
		EB29A3321BF54C1100C0E7ED /* Debug */ = {
			isa = XCBuildConfiguration;
			buildSettings = {
			};
			name = Debug;
		};
		EB29A3331BF54C1100C0E7ED /* Release */ = {
			isa = XCBuildConfiguration;
			buildSettings = {
			};
			name = Release;
		};
/* End XCBuildConfiguration section */

/* Begin XCConfigurationList section */
		EB29A3311BF54C1100C0E7ED /* Build configuration list for PBXProject "PORR_Czybyszew" */ = {
			isa = XCConfigurationList;
			buildConfigurations = (
				EB29A3321BF54C1100C0E7ED /* Debug */,
				EB29A3331BF54C1100C0E7ED /* Release */,
			);
			defaultConfigurationIsVisible = 0;
			defaultConfigurationName = Release;
		};
/* End XCConfigurationList section */
	};
	rootObject = EB29A32E1BF54C1100C0E7ED /* Project object */;
}
